// !$*UTF8*$!
{
	archiveVersion = 1;
	classes = {
	};
	objectVersion = 46;
	objects = {

/* Begin PBXBuildFile section */
		0D8CA8C21B220E180019560D /* main.cpp in Sources */ = {isa = PBXBuildFile; fileRef = 0D8CA8C11B220E180019560D /* main.cpp */; };
		0D8CA8CA1B220EB30019560D /* CellId.cpp in Sources */ = {isa = PBXBuildFile; fileRef = 0D8CA8C81B220EB30019560D /* CellId.cpp */; };
		0D8CA8CE1B2211C60019560D /* Point.cpp in Sources */ = {isa = PBXBuildFile; fileRef = 0D8CA8CC1B2211C60019560D /* Point.cpp */; };
		0D8CA8D21B22238C0019560D /* CellDrawer.cpp in Sources */ = {isa = PBXBuildFile; fileRef = 0D8CA8D01B22238C0019560D /* CellDrawer.cpp */; };
		0D8CA8D51B223DF40019560D /* Color.cpp in Sources */ = {isa = PBXBuildFile; fileRef = 0D8CA8D31B223DF40019560D /* Color.cpp */; };
		0D8CA8DB1B2246350019560D /* EasyBMP.cpp in Sources */ = {isa = PBXBuildFile; fileRef = 0D8CA8D91B2246350019560D /* EasyBMP.cpp */; settings = {COMPILER_FLAGS = "-w"; }; };
		0D8CA8E31B2247530019560D /* EasyBMP_Font.cpp in Sources */ = {isa = PBXBuildFile; fileRef = 0D8CA8DD1B2247530019560D /* EasyBMP_Font.cpp */; settings = {COMPILER_FLAGS = "-w"; }; };
		0D8CA8E41B2247530019560D /* EasyBMP_Geometry.cpp in Sources */ = {isa = PBXBuildFile; fileRef = 0D8CA8DF1B2247530019560D /* EasyBMP_Geometry.cpp */; settings = {COMPILER_FLAGS = "-w"; }; };
		0D8CA8E81B224F1E0019560D /* Cell.cpp in Sources */ = {isa = PBXBuildFile; fileRef = 0D8CA8E61B224F1E0019560D /* Cell.cpp */; };
		0D8CA8EB1B230DF00019560D /* CellSpace.cpp in Sources */ = {isa = PBXBuildFile; fileRef = 0D8CA8E91B230DF00019560D /* CellSpace.cpp */; };
		0DB5E1EF1B2346DA004E5FAE /* GridBuilder.cpp in Sources */ = {isa = PBXBuildFile; fileRef = 0DB5E1ED1B2346DA004E5FAE /* GridBuilder.cpp */; };
		0DB5E1F21B237E96004E5FAE /* CellIdSet.cpp in Sources */ = {isa = PBXBuildFile; fileRef = 0DB5E1F01B237E96004E5FAE /* CellIdSet.cpp */; };
		0DB5E1F51B24699D004E5FAE /* CellSeparators.cpp in Sources */ = {isa = PBXBuildFile; fileRef = 0DB5E1F31B24699D004E5FAE /* CellSeparators.cpp */; };
		0DB5E1F81B247206004E5FAE /* CellTreeOptimizer.cpp in Sources */ = {isa = PBXBuildFile; fileRef = 0DB5E1F61B247206004E5FAE /* CellTreeOptimizer.cpp */; };
		0DB5E1FB1B247458004E5FAE /* CellNodeSpace.cpp in Sources */ = {isa = PBXBuildFile; fileRef = 0DB5E1F91B247458004E5FAE /* CellNodeSpace.cpp */; };
/* End PBXBuildFile section */

/* Begin PBXCopyFilesBuildPhase section */
		0D8CA8BC1B220E180019560D /* CopyFiles */ = {
			isa = PBXCopyFilesBuildPhase;
			buildActionMask = 2147483647;
			dstPath = /usr/share/man/man1/;
			dstSubfolderSpec = 0;
			files = (
			);
			runOnlyForDeploymentPostprocessing = 1;
		};
/* End PBXCopyFilesBuildPhase section */

/* Begin PBXFileReference section */
		0D8CA8BE1B220E180019560D /* HP3d */ = {isa = PBXFileReference; explicitFileType = "compiled.mach-o.executable"; includeInIndex = 0; path = HP3d; sourceTree = BUILT_PRODUCTS_DIR; };
		0D8CA8C11B220E180019560D /* main.cpp */ = {isa = PBXFileReference; lastKnownFileType = sourcecode.cpp.cpp; path = main.cpp; sourceTree = "<group>"; };
		0D8CA8C81B220EB30019560D /* CellId.cpp */ = {isa = PBXFileReference; fileEncoding = 4; lastKnownFileType = sourcecode.cpp.cpp; path = CellId.cpp; sourceTree = "<group>"; };
		0D8CA8C91B220EB30019560D /* CellId.h */ = {isa = PBXFileReference; fileEncoding = 4; lastKnownFileType = sourcecode.c.h; path = CellId.h; sourceTree = "<group>"; };
		0D8CA8CB1B2210750019560D /* defs.h */ = {isa = PBXFileReference; lastKnownFileType = sourcecode.c.h; path = defs.h; sourceTree = "<group>"; };
		0D8CA8CC1B2211C60019560D /* Point.cpp */ = {isa = PBXFileReference; fileEncoding = 4; lastKnownFileType = sourcecode.cpp.cpp; path = Point.cpp; sourceTree = "<group>"; };
		0D8CA8CD1B2211C60019560D /* Point.h */ = {isa = PBXFileReference; fileEncoding = 4; lastKnownFileType = sourcecode.c.h; path = Point.h; sourceTree = "<group>"; };
		0D8CA8D01B22238C0019560D /* CellDrawer.cpp */ = {isa = PBXFileReference; fileEncoding = 4; lastKnownFileType = sourcecode.cpp.cpp; path = CellDrawer.cpp; sourceTree = "<group>"; };
		0D8CA8D11B22238C0019560D /* CellDrawer.h */ = {isa = PBXFileReference; fileEncoding = 4; lastKnownFileType = sourcecode.c.h; path = CellDrawer.h; sourceTree = "<group>"; };
		0D8CA8D31B223DF40019560D /* Color.cpp */ = {isa = PBXFileReference; fileEncoding = 4; lastKnownFileType = sourcecode.cpp.cpp; path = Color.cpp; sourceTree = "<group>"; };
		0D8CA8D41B223DF40019560D /* Color.h */ = {isa = PBXFileReference; fileEncoding = 4; lastKnownFileType = sourcecode.c.h; path = Color.h; sourceTree = "<group>"; };
		0D8CA8D61B2246350019560D /* EasyBMP_BMP.h */ = {isa = PBXFileReference; fileEncoding = 4; lastKnownFileType = sourcecode.c.h; path = EasyBMP_BMP.h; sourceTree = "<group>"; };
		0D8CA8D71B2246350019560D /* EasyBMP_DataStructures.h */ = {isa = PBXFileReference; fileEncoding = 4; lastKnownFileType = sourcecode.c.h; path = EasyBMP_DataStructures.h; sourceTree = "<group>"; };
		0D8CA8D81B2246350019560D /* EasyBMP_VariousBMPutilities.h */ = {isa = PBXFileReference; fileEncoding = 4; lastKnownFileType = sourcecode.c.h; path = EasyBMP_VariousBMPutilities.h; sourceTree = "<group>"; };
		0D8CA8D91B2246350019560D /* EasyBMP.cpp */ = {isa = PBXFileReference; fileEncoding = 4; lastKnownFileType = sourcecode.cpp.cpp; path = EasyBMP.cpp; sourceTree = "<group>"; };
		0D8CA8DA1B2246350019560D /* EasyBMP.h */ = {isa = PBXFileReference; fileEncoding = 4; lastKnownFileType = sourcecode.c.h; path = EasyBMP.h; sourceTree = "<group>"; };
		0D8CA8DD1B2247530019560D /* EasyBMP_Font.cpp */ = {isa = PBXFileReference; fileEncoding = 4; lastKnownFileType = sourcecode.cpp.cpp; path = EasyBMP_Font.cpp; sourceTree = "<group>"; };
		0D8CA8DE1B2247530019560D /* EasyBMP_Font.h */ = {isa = PBXFileReference; fileEncoding = 4; lastKnownFileType = sourcecode.c.h; path = EasyBMP_Font.h; sourceTree = "<group>"; };
		0D8CA8DF1B2247530019560D /* EasyBMP_Geometry.cpp */ = {isa = PBXFileReference; fileEncoding = 4; lastKnownFileType = sourcecode.cpp.cpp; path = EasyBMP_Geometry.cpp; sourceTree = "<group>"; };
		0D8CA8E01B2247530019560D /* EasyBMP_Geometry.h */ = {isa = PBXFileReference; fileEncoding = 4; lastKnownFileType = sourcecode.c.h; path = EasyBMP_Geometry.h; sourceTree = "<group>"; };
		0D8CA8E61B224F1E0019560D /* Cell.cpp */ = {isa = PBXFileReference; fileEncoding = 4; lastKnownFileType = sourcecode.cpp.cpp; path = Cell.cpp; sourceTree = "<group>"; };
		0D8CA8E71B224F1E0019560D /* Cell.h */ = {isa = PBXFileReference; fileEncoding = 4; lastKnownFileType = sourcecode.c.h; path = Cell.h; sourceTree = "<group>"; };
		0D8CA8E91B230DF00019560D /* CellSpace.cpp */ = {isa = PBXFileReference; fileEncoding = 4; lastKnownFileType = sourcecode.cpp.cpp; path = CellSpace.cpp; sourceTree = "<group>"; };
		0D8CA8EA1B230DF00019560D /* CellSpace.h */ = {isa = PBXFileReference; fileEncoding = 4; lastKnownFileType = sourcecode.c.h; path = CellSpace.h; sourceTree = "<group>"; };
		0DB5E1ED1B2346DA004E5FAE /* GridBuilder.cpp */ = {isa = PBXFileReference; fileEncoding = 4; lastKnownFileType = sourcecode.cpp.cpp; path = GridBuilder.cpp; sourceTree = "<group>"; };
		0DB5E1EE1B2346DA004E5FAE /* GridBuilder.h */ = {isa = PBXFileReference; fileEncoding = 4; lastKnownFileType = sourcecode.c.h; path = GridBuilder.h; sourceTree = "<group>"; };
		0DB5E1F01B237E96004E5FAE /* CellIdSet.cpp */ = {isa = PBXFileReference; fileEncoding = 4; lastKnownFileType = sourcecode.cpp.cpp; path = CellIdSet.cpp; sourceTree = "<group>"; };
		0DB5E1F11B237E96004E5FAE /* CellIdSet.h */ = {isa = PBXFileReference; fileEncoding = 4; lastKnownFileType = sourcecode.c.h; path = CellIdSet.h; sourceTree = "<group>"; };
		0DB5E1F31B24699D004E5FAE /* CellSeparators.cpp */ = {isa = PBXFileReference; fileEncoding = 4; lastKnownFileType = sourcecode.cpp.cpp; path = CellSeparators.cpp; sourceTree = "<group>"; };
		0DB5E1F41B24699D004E5FAE /* CellSeparators.h */ = {isa = PBXFileReference; fileEncoding = 4; lastKnownFileType = sourcecode.c.h; path = CellSeparators.h; sourceTree = "<group>"; };
		0DB5E1F61B247206004E5FAE /* CellTreeOptimizer.cpp */ = {isa = PBXFileReference; fileEncoding = 4; lastKnownFileType = sourcecode.cpp.cpp; path = CellTreeOptimizer.cpp; sourceTree = "<group>"; };
		0DB5E1F71B247206004E5FAE /* CellTreeOptimizer.h */ = {isa = PBXFileReference; fileEncoding = 4; lastKnownFileType = sourcecode.c.h; path = CellTreeOptimizer.h; sourceTree = "<group>"; };
		0DB5E1F91B247458004E5FAE /* CellNodeSpace.cpp */ = {isa = PBXFileReference; fileEncoding = 4; lastKnownFileType = sourcecode.cpp.cpp; path = CellNodeSpace.cpp; sourceTree = "<group>"; };
		0DB5E1FA1B247458004E5FAE /* CellNodeSpace.h */ = {isa = PBXFileReference; fileEncoding = 4; lastKnownFileType = sourcecode.c.h; path = CellNodeSpace.h; sourceTree = "<group>"; };
/* End PBXFileReference section */

/* Begin PBXFrameworksBuildPhase section */
		0D8CA8BB1B220E180019560D /* Frameworks */ = {
			isa = PBXFrameworksBuildPhase;
			buildActionMask = 2147483647;
			files = (
			);
			runOnlyForDeploymentPostprocessing = 0;
		};
/* End PBXFrameworksBuildPhase section */

/* Begin PBXGroup section */
		0D8CA8B51B220E180019560D = {
			isa = PBXGroup;
			children = (
				0D8CA8C01B220E180019560D /* HP3d */,
				0D8CA8BF1B220E180019560D /* Products */,
			);
			sourceTree = "<group>";
		};
		0D8CA8BF1B220E180019560D /* Products */ = {
			isa = PBXGroup;
			children = (
				0D8CA8BE1B220E180019560D /* HP3d */,
			);
			name = Products;
			sourceTree = "<group>";
		};
		0D8CA8C01B220E180019560D /* HP3d */ = {
			isa = PBXGroup;
			children = (
				0D8CA8DC1B2246510019560D /* EasyBMP */,
				0D8CA8C11B220E180019560D /* main.cpp */,
				0D8CA8C81B220EB30019560D /* CellId.cpp */,
				0D8CA8C91B220EB30019560D /* CellId.h */,
				0D8CA8CB1B2210750019560D /* defs.h */,
				0D8CA8CC1B2211C60019560D /* Point.cpp */,
				0D8CA8CD1B2211C60019560D /* Point.h */,
				0D8CA8D01B22238C0019560D /* CellDrawer.cpp */,
				0D8CA8D11B22238C0019560D /* CellDrawer.h */,
				0D8CA8D31B223DF40019560D /* Color.cpp */,
				0D8CA8D41B223DF40019560D /* Color.h */,
				0D8CA8E61B224F1E0019560D /* Cell.cpp */,
				0D8CA8E71B224F1E0019560D /* Cell.h */,
				0D8CA8E91B230DF00019560D /* CellSpace.cpp */,
				0D8CA8EA1B230DF00019560D /* CellSpace.h */,
				0DB5E1ED1B2346DA004E5FAE /* GridBuilder.cpp */,
				0DB5E1EE1B2346DA004E5FAE /* GridBuilder.h */,
				0DB5E1F01B237E96004E5FAE /* CellIdSet.cpp */,
				0DB5E1F11B237E96004E5FAE /* CellIdSet.h */,
				0DB5E1F31B24699D004E5FAE /* CellSeparators.cpp */,
				0DB5E1F41B24699D004E5FAE /* CellSeparators.h */,
				0DB5E1F61B247206004E5FAE /* CellTreeOptimizer.cpp */,
				0DB5E1F71B247206004E5FAE /* CellTreeOptimizer.h */,
				0DB5E1F91B247458004E5FAE /* CellNodeSpace.cpp */,
				0DB5E1FA1B247458004E5FAE /* CellNodeSpace.h */,
			);
			path = HP3d;
			sourceTree = "<group>";
		};
		0D8CA8DC1B2246510019560D /* EasyBMP */ = {
			isa = PBXGroup;
			children = (
				0D8CA8DD1B2247530019560D /* EasyBMP_Font.cpp */,
				0D8CA8DE1B2247530019560D /* EasyBMP_Font.h */,
				0D8CA8DF1B2247530019560D /* EasyBMP_Geometry.cpp */,
				0D8CA8E01B2247530019560D /* EasyBMP_Geometry.h */,
				0D8CA8D61B2246350019560D /* EasyBMP_BMP.h */,
				0D8CA8D71B2246350019560D /* EasyBMP_DataStructures.h */,
				0D8CA8D81B2246350019560D /* EasyBMP_VariousBMPutilities.h */,
				0D8CA8D91B2246350019560D /* EasyBMP.cpp */,
				0D8CA8DA1B2246350019560D /* EasyBMP.h */,
			);
			name = EasyBMP;
			sourceTree = "<group>";
		};
/* End PBXGroup section */

/* Begin PBXNativeTarget section */
		0D8CA8BD1B220E180019560D /* HP3d */ = {
			isa = PBXNativeTarget;
			buildConfigurationList = 0D8CA8C51B220E180019560D /* Build configuration list for PBXNativeTarget "HP3d" */;
			buildPhases = (
				0D8CA8BA1B220E180019560D /* Sources */,
				0D8CA8BB1B220E180019560D /* Frameworks */,
				0D8CA8BC1B220E180019560D /* CopyFiles */,
			);
			buildRules = (
			);
			dependencies = (
			);
			name = HP3d;
			productName = HP3d;
			productReference = 0D8CA8BE1B220E180019560D /* HP3d */;
			productType = "com.apple.product-type.tool";
		};
/* End PBXNativeTarget section */

/* Begin PBXProject section */
		0D8CA8B61B220E180019560D /* Project object */ = {
			isa = PBXProject;
			attributes = {
				LastUpgradeCheck = 0620;
				ORGANIZATIONNAME = Marcin;
				TargetAttributes = {
					0D8CA8BD1B220E180019560D = {
						CreatedOnToolsVersion = 6.2;
					};
				};
			};
			buildConfigurationList = 0D8CA8B91B220E180019560D /* Build configuration list for PBXProject "HP3d" */;
			compatibilityVersion = "Xcode 3.2";
			developmentRegion = English;
			hasScannedForEncodings = 0;
			knownRegions = (
				en,
			);
			mainGroup = 0D8CA8B51B220E180019560D;
			productRefGroup = 0D8CA8BF1B220E180019560D /* Products */;
			projectDirPath = "";
			projectRoot = "";
			targets = (
				0D8CA8BD1B220E180019560D /* HP3d */,
			);
		};
/* End PBXProject section */

/* Begin PBXSourcesBuildPhase section */
		0D8CA8BA1B220E180019560D /* Sources */ = {
			isa = PBXSourcesBuildPhase;
			buildActionMask = 2147483647;
			files = (
				0DB5E1F51B24699D004E5FAE /* CellSeparators.cpp in Sources */,
				0DB5E1EF1B2346DA004E5FAE /* GridBuilder.cpp in Sources */,
				0D8CA8E81B224F1E0019560D /* Cell.cpp in Sources */,
				0D8CA8D21B22238C0019560D /* CellDrawer.cpp in Sources */,
				0D8CA8E41B2247530019560D /* EasyBMP_Geometry.cpp in Sources */,
				0DB5E1FB1B247458004E5FAE /* CellNodeSpace.cpp in Sources */,
				0DB5E1F81B247206004E5FAE /* CellTreeOptimizer.cpp in Sources */,
				0D8CA8CE1B2211C60019560D /* Point.cpp in Sources */,
				0D8CA8D51B223DF40019560D /* Color.cpp in Sources */,
				0D8CA8DB1B2246350019560D /* EasyBMP.cpp in Sources */,
				0D8CA8E31B2247530019560D /* EasyBMP_Font.cpp in Sources */,
				0D8CA8CA1B220EB30019560D /* CellId.cpp in Sources */,
				0D8CA8EB1B230DF00019560D /* CellSpace.cpp in Sources */,
				0D8CA8C21B220E180019560D /* main.cpp in Sources */,
				0DB5E1F21B237E96004E5FAE /* CellIdSet.cpp in Sources */,
			);
			runOnlyForDeploymentPostprocessing = 0;
		};
/* End PBXSourcesBuildPhase section */

/* Begin XCBuildConfiguration section */
		0D8CA8C31B220E180019560D /* Debug */ = {
			isa = XCBuildConfiguration;
			buildSettings = {
				ALWAYS_SEARCH_USER_PATHS = NO;
				CLANG_CXX_LANGUAGE_STANDARD = "gnu++14";
				CLANG_CXX_LIBRARY = "libc++";
				CLANG_ENABLE_MODULES = YES;
				CLANG_ENABLE_OBJC_ARC = YES;
				CLANG_WARN_BOOL_CONVERSION = YES;
				CLANG_WARN_CONSTANT_CONVERSION = YES;
				CLANG_WARN_DIRECT_OBJC_ISA_USAGE = YES_ERROR;
				CLANG_WARN_EMPTY_BODY = YES;
				CLANG_WARN_ENUM_CONVERSION = YES;
				CLANG_WARN_INT_CONVERSION = YES;
				CLANG_WARN_OBJC_ROOT_CLASS = YES_ERROR;
				CLANG_WARN_UNREACHABLE_CODE = YES;
				CLANG_WARN__DUPLICATE_METHOD_MATCH = YES;
				COPY_PHASE_STRIP = NO;
				ENABLE_STRICT_OBJC_MSGSEND = YES;
				GCC_C_LANGUAGE_STANDARD = gnu99;
				GCC_DYNAMIC_NO_PIC = NO;
				GCC_OPTIMIZATION_LEVEL = 0;
				GCC_PREPROCESSOR_DEFINITIONS = (
					"DEBUG=1",
					"$(inherited)",
				);
				GCC_SYMBOLS_PRIVATE_EXTERN = NO;
				GCC_WARN_64_TO_32_BIT_CONVERSION = YES;
				GCC_WARN_ABOUT_RETURN_TYPE = YES_ERROR;
				GCC_WARN_UNDECLARED_SELECTOR = YES;
				GCC_WARN_UNINITIALIZED_AUTOS = YES_AGGRESSIVE;
				GCC_WARN_UNUSED_FUNCTION = YES;
				GCC_WARN_UNUSED_VARIABLE = YES;
				HEADER_SEARCH_PATHS = (
					"$(inherited)",
					/Applications/Xcode.app/Contents/Developer/Toolchains/XcodeDefault.xctoolchain/usr/include,
					/usr/local/Cellar/boost/1.58.0/include,
				);
				LIBRARY_SEARCH_PATHS = /usr/local/Cellar/boost/1.58.0/lib;
				MACOSX_DEPLOYMENT_TARGET = 10.9;
				MTL_ENABLE_DEBUG_INFO = YES;
				ONLY_ACTIVE_ARCH = YES;
				SDKROOT = macosx;
			};
			name = Debug;
		};
		0D8CA8C41B220E180019560D /* Release */ = {
			isa = XCBuildConfiguration;
			buildSettings = {
				ALWAYS_SEARCH_USER_PATHS = NO;
				CLANG_CXX_LANGUAGE_STANDARD = "gnu++14";
				CLANG_CXX_LIBRARY = "libc++";
				CLANG_ENABLE_MODULES = YES;
				CLANG_ENABLE_OBJC_ARC = YES;
				CLANG_WARN_BOOL_CONVERSION = YES;
				CLANG_WARN_CONSTANT_CONVERSION = YES;
				CLANG_WARN_DIRECT_OBJC_ISA_USAGE = YES_ERROR;
				CLANG_WARN_EMPTY_BODY = YES;
				CLANG_WARN_ENUM_CONVERSION = YES;
				CLANG_WARN_INT_CONVERSION = YES;
				CLANG_WARN_OBJC_ROOT_CLASS = YES_ERROR;
				CLANG_WARN_UNREACHABLE_CODE = YES;
				CLANG_WARN__DUPLICATE_METHOD_MATCH = YES;
				COPY_PHASE_STRIP = NO;
				DEBUG_INFORMATION_FORMAT = "dwarf-with-dsym";
				ENABLE_NS_ASSERTIONS = NO;
				ENABLE_STRICT_OBJC_MSGSEND = YES;
				GCC_C_LANGUAGE_STANDARD = gnu99;
				GCC_WARN_64_TO_32_BIT_CONVERSION = YES;
				GCC_WARN_ABOUT_RETURN_TYPE = YES_ERROR;
				GCC_WARN_UNDECLARED_SELECTOR = YES;
				GCC_WARN_UNINITIALIZED_AUTOS = YES_AGGRESSIVE;
				GCC_WARN_UNUSED_FUNCTION = YES;
				GCC_WARN_UNUSED_VARIABLE = YES;
				HEADER_SEARCH_PATHS = (
					"$(inherited)",
					/Applications/Xcode.app/Contents/Developer/Toolchains/XcodeDefault.xctoolchain/usr/include,
					/usr/local/Cellar/boost/1.58.0/include,
				);
				LIBRARY_SEARCH_PATHS = /usr/local/Cellar/boost/1.58.0/lib;
				MACOSX_DEPLOYMENT_TARGET = 10.9;
				MTL_ENABLE_DEBUG_INFO = NO;
				SDKROOT = macosx;
			};
			name = Release;
		};
		0D8CA8C61B220E180019560D /* Debug */ = {
			isa = XCBuildConfiguration;
			buildSettings = {
				PRODUCT_NAME = "$(TARGET_NAME)";
			};
			name = Debug;
		};
		0D8CA8C71B220E180019560D /* Release */ = {
			isa = XCBuildConfiguration;
			buildSettings = {
				PRODUCT_NAME = "$(TARGET_NAME)";
			};
			name = Release;
		};
/* End XCBuildConfiguration section */

/* Begin XCConfigurationList section */
		0D8CA8B91B220E180019560D /* Build configuration list for PBXProject "HP3d" */ = {
			isa = XCConfigurationList;
			buildConfigurations = (
				0D8CA8C31B220E180019560D /* Debug */,
				0D8CA8C41B220E180019560D /* Release */,
			);
			defaultConfigurationIsVisible = 0;
			defaultConfigurationName = Release;
		};
		0D8CA8C51B220E180019560D /* Build configuration list for PBXNativeTarget "HP3d" */ = {
			isa = XCConfigurationList;
			buildConfigurations = (
				0D8CA8C61B220E180019560D /* Debug */,
				0D8CA8C71B220E180019560D /* Release */,
			);
			defaultConfigurationIsVisible = 0;
			defaultConfigurationName = Release;
		};
/* End XCConfigurationList section */
	};
	rootObject = 0D8CA8B61B220E180019560D /* Project object */;
}
